
Microsoft Visual Studio Solution File, Format Version 12.00
# Visual Studio Version 17
VisualStudioVersion = 17.4.33213.308
MinimumVisualStudioVersion = 10.0.40219.1
Project("{FAE04EC0-301F-11D3-BF4B-00C04F79EFBC}") = "MediaSocial", "MediaSocial\MediaSocial.csproj", "{BB3BA2D9-81E4-4A0B-A822-79C92D74EAAC}"
EndProject
Project("{FAE04EC0-301F-11D3-BF4B-00C04F79EFBC}") = "PluginInterface", "PluginInterface\PluginInterface.csproj", "{4E9EEAE3-9C91-43B6-BD7C-AFDE5455941D}"
EndProject
Project("{FAE04EC0-301F-11D3-BF4B-00C04F79EFBC}") = "Plugin1D", "Plugin1D\Plugin1D.csproj", "{146A1C6B-5F62-4A6C-9759-9115C6E39CA3}"
EndProject
Project("{FAE04EC0-301F-11D3-BF4B-00C04F79EFBC}") = "PhotoEdit", "PhotoEdit\PhotoEdit.csproj", "{1A561CEE-05DE-4220-86D0-37D694E1F09A}"
EndProject
Project("{FAE04EC0-301F-11D3-BF4B-00C04F79EFBC}") = "PluginKirsanovQuote", "PluginKirsanovQuote\PluginKirsanovQuote.csproj", "{157E6F7A-C928-4B33-A11B-F9B8DDBCEFAF}"
EndProject
Project("{FAE04EC0-301F-11D3-BF4B-00C04F79EFBC}") = "PluginKirsanovGoodMorning", "PluginKirsanovGoodMorning\PluginKirsanovGoodMorning.csproj", "{D382B1B4-66C8-496D-810B-FC65285B90C0}"
EndProject
Project("{FAE04EC0-301F-11D3-BF4B-00C04F79EFBC}") = "PluginKirsanovDemography", "PluginKirsanovDemography\PluginKirsanovDemography.csproj", "{8E67587A-8E4C-4693-83DC-F47A07D93460}"
EndProject
Project("{FAE04EC0-301F-11D3-BF4B-00C04F79EFBC}") = "PluginKirsanovWeatherManual", "PluginKirsanovWeatherManual\PluginKirsanovWeatherManual.csproj", "{D977860C-7765-4BB4-B1EA-91DCF711E229}"
EndProject
Project("{FAE04EC0-301F-11D3-BF4B-00C04F79EFBC}") = "PluginKirsanovHistory", "PluginKirsanovHistory\PluginKirsanovHistory.csproj", "{9400FB6D-959D-4F79-8012-C47787A0965A}"
EndProject
Project("{FAE04EC0-301F-11D3-BF4B-00C04F79EFBC}") = "PluginKirsanovNews", "PluginKirsanovNews\PluginKirsanovNews.csproj", "{46DAA01E-1124-40F2-B29B-B5E8F663791C}"
EndProject
Project("{FAE04EC0-301F-11D3-BF4B-00C04F79EFBC}") = "PluginKirsanovCalendar", "PluginKirsanovCalendar\PluginKirsanovCalendar.csproj", "{CA1A9586-3DB1-4B00-A05D-B77613091D9C}"
EndProject
Project("{FAE04EC0-301F-11D3-BF4B-00C04F79EFBC}") = "PluginKirsanovNewsNewYears", "PluginKirsanovNewsNewYears\PluginKirsanovNewsNewYears.csproj", "{DA54A1AD-7BC1-43EC-83C2-788EB3BB52DB}"
EndProject
Project("{FAE04EC0-301F-11D3-BF4B-00C04F79EFBC}") = "PluginKirsanovGoodMorningNewYears", "PluginKirsanovGoodMorningNewYears\PluginKirsanovGoodMorningNewYears.csproj", "{2D6312BD-5C35-431E-98EB-9D769723B73B}"
EndProject
Global
	GlobalSection(SolutionConfigurationPlatforms) = preSolution
		Debug|Any CPU = Debug|Any CPU
		Release|Any CPU = Release|Any CPU
	EndGlobalSection
	GlobalSection(ProjectConfigurationPlatforms) = postSolution
		{BB3BA2D9-81E4-4A0B-A822-79C92D74EAAC}.Debug|Any CPU.ActiveCfg = Debug|Any CPU
		{BB3BA2D9-81E4-4A0B-A822-79C92D74EAAC}.Debug|Any CPU.Build.0 = Debug|Any CPU
		{BB3BA2D9-81E4-4A0B-A822-79C92D74EAAC}.Release|Any CPU.ActiveCfg = Release|Any CPU
		{BB3BA2D9-81E4-4A0B-A822-79C92D74EAAC}.Release|Any CPU.Build.0 = Release|Any CPU
		{4E9EEAE3-9C91-43B6-BD7C-AFDE5455941D}.Debug|Any CPU.ActiveCfg = Debug|Any CPU
		{4E9EEAE3-9C91-43B6-BD7C-AFDE5455941D}.Debug|Any CPU.Build.0 = Debug|Any CPU
		{4E9EEAE3-9C91-43B6-BD7C-AFDE5455941D}.Release|Any CPU.ActiveCfg = Release|Any CPU
		{4E9EEAE3-9C91-43B6-BD7C-AFDE5455941D}.Release|Any CPU.Build.0 = Release|Any CPU
		{146A1C6B-5F62-4A6C-9759-9115C6E39CA3}.Debug|Any CPU.ActiveCfg = Debug|Any CPU
		{146A1C6B-5F62-4A6C-9759-9115C6E39CA3}.Debug|Any CPU.Build.0 = Debug|Any CPU
		{146A1C6B-5F62-4A6C-9759-9115C6E39CA3}.Release|Any CPU.ActiveCfg = Release|Any CPU
		{146A1C6B-5F62-4A6C-9759-9115C6E39CA3}.Release|Any CPU.Build.0 = Release|Any CPU
		{1A561CEE-05DE-4220-86D0-37D694E1F09A}.Debug|Any CPU.ActiveCfg = Debug|Any CPU
		{1A561CEE-05DE-4220-86D0-37D694E1F09A}.Debug|Any CPU.Build.0 = Debug|Any CPU
		{1A561CEE-05DE-4220-86D0-37D694E1F09A}.Release|Any CPU.ActiveCfg = Release|Any CPU
		{1A561CEE-05DE-4220-86D0-37D694E1F09A}.Release|Any CPU.Build.0 = Release|Any CPU
		{157E6F7A-C928-4B33-A11B-F9B8DDBCEFAF}.Debug|Any CPU.ActiveCfg = Debug|Any CPU
		{157E6F7A-C928-4B33-A11B-F9B8DDBCEFAF}.Debug|Any CPU.Build.0 = Debug|Any CPU
		{157E6F7A-C928-4B33-A11B-F9B8DDBCEFAF}.Release|Any CPU.ActiveCfg = Release|Any CPU
		{157E6F7A-C928-4B33-A11B-F9B8DDBCEFAF}.Release|Any CPU.Build.0 = Release|Any CPU
		{D382B1B4-66C8-496D-810B-FC65285B90C0}.Debug|Any CPU.ActiveCfg = Debug|Any CPU
		{D382B1B4-66C8-496D-810B-FC65285B90C0}.Debug|Any CPU.Build.0 = Debug|Any CPU
		{D382B1B4-66C8-496D-810B-FC65285B90C0}.Release|Any CPU.ActiveCfg = Release|Any CPU
		{D382B1B4-66C8-496D-810B-FC65285B90C0}.Release|Any CPU.Build.0 = Release|Any CPU
		{8E67587A-8E4C-4693-83DC-F47A07D93460}.Debug|Any CPU.ActiveCfg = Debug|Any CPU
		{8E67587A-8E4C-4693-83DC-F47A07D93460}.Debug|Any CPU.Build.0 = Debug|Any CPU
		{8E67587A-8E4C-4693-83DC-F47A07D93460}.Release|Any CPU.ActiveCfg = Release|Any CPU
		{8E67587A-8E4C-4693-83DC-F47A07D93460}.Release|Any CPU.Build.0 = Release|Any CPU
		{D977860C-7765-4BB4-B1EA-91DCF711E229}.Debug|Any CPU.ActiveCfg = Debug|Any CPU
		{D977860C-7765-4BB4-B1EA-91DCF711E229}.Debug|Any CPU.Build.0 = Debug|Any CPU
		{D977860C-7765-4BB4-B1EA-91DCF711E229}.Release|Any CPU.ActiveCfg = Release|Any CPU
		{D977860C-7765-4BB4-B1EA-91DCF711E229}.Release|Any CPU.Build.0 = Release|Any CPU
		{9400FB6D-959D-4F79-8012-C47787A0965A}.Debug|Any CPU.ActiveCfg = Debug|Any CPU
		{9400FB6D-959D-4F79-8012-C47787A0965A}.Debug|Any CPU.Build.0 = Debug|Any CPU
		{9400FB6D-959D-4F79-8012-C47787A0965A}.Release|Any CPU.ActiveCfg = Release|Any CPU
		{9400FB6D-959D-4F79-8012-C47787A0965A}.Release|Any CPU.Build.0 = Release|Any CPU
		{46DAA01E-1124-40F2-B29B-B5E8F663791C}.Debug|Any CPU.ActiveCfg = Debug|Any CPU
		{46DAA01E-1124-40F2-B29B-B5E8F663791C}.Debug|Any CPU.Build.0 = Debug|Any CPU
		{46DAA01E-1124-40F2-B29B-B5E8F663791C}.Release|Any CPU.ActiveCfg = Release|Any CPU
		{46DAA01E-1124-40F2-B29B-B5E8F663791C}.Release|Any CPU.Build.0 = Release|Any CPU
		{CA1A9586-3DB1-4B00-A05D-B77613091D9C}.Debug|Any CPU.ActiveCfg = Debug|Any CPU
		{CA1A9586-3DB1-4B00-A05D-B77613091D9C}.Debug|Any CPU.Build.0 = Debug|Any CPU
		{CA1A9586-3DB1-4B00-A05D-B77613091D9C}.Release|Any CPU.ActiveCfg = Release|Any CPU
		{CA1A9586-3DB1-4B00-A05D-B77613091D9C}.Release|Any CPU.Build.0 = Release|Any CPU
		{DA54A1AD-7BC1-43EC-83C2-788EB3BB52DB}.Debug|Any CPU.ActiveCfg = Debug|Any CPU
		{DA54A1AD-7BC1-43EC-83C2-788EB3BB52DB}.Debug|Any CPU.Build.0 = Debug|Any CPU
		{DA54A1AD-7BC1-43EC-83C2-788EB3BB52DB}.Release|Any CPU.ActiveCfg = Release|Any CPU
		{DA54A1AD-7BC1-43EC-83C2-788EB3BB52DB}.Release|Any CPU.Build.0 = Release|Any CPU
		{2D6312BD-5C35-431E-98EB-9D769723B73B}.Debug|Any CPU.ActiveCfg = Debug|Any CPU
		{2D6312BD-5C35-431E-98EB-9D769723B73B}.Debug|Any CPU.Build.0 = Debug|Any CPU
		{2D6312BD-5C35-431E-98EB-9D769723B73B}.Release|Any CPU.ActiveCfg = Release|Any CPU
		{2D6312BD-5C35-431E-98EB-9D769723B73B}.Release|Any CPU.Build.0 = Release|Any CPU
	EndGlobalSection
	GlobalSection(SolutionProperties) = preSolution
		HideSolutionNode = FALSE
	EndGlobalSection
	GlobalSection(ExtensibilityGlobals) = postSolution
		SolutionGuid = {9E8F56BA-329D-4FC3-A8C6-FA04D859D60B}
	EndGlobalSection
EndGlobal
